// !$*UTF8*$!
{
	archiveVersion = 1;
	classes = {
	};
	objectVersion = 50;
	objects = {

/* Begin PBXBuildFile section */
		3A3E8BF5262532B30099C2F6 /* AppDelegate.swift in Sources */ = {isa = PBXBuildFile; fileRef = 3A3E8BF4262532B30099C2F6 /* AppDelegate.swift */; };
		3A3E8BF7262532B30099C2F6 /* SceneDelegate.swift in Sources */ = {isa = PBXBuildFile; fileRef = 3A3E8BF6262532B30099C2F6 /* SceneDelegate.swift */; };
		3A3E8BF9262532B30099C2F6 /* ViewController.swift in Sources */ = {isa = PBXBuildFile; fileRef = 3A3E8BF8262532B30099C2F6 /* ViewController.swift */; };
		3A3E8BFC262532B30099C2F6 /* Main.storyboard in Resources */ = {isa = PBXBuildFile; fileRef = 3A3E8BFA262532B30099C2F6 /* Main.storyboard */; };
		3A3E8BFE262532B40099C2F6 /* Assets.xcassets in Resources */ = {isa = PBXBuildFile; fileRef = 3A3E8BFD262532B40099C2F6 /* Assets.xcassets */; };
		3A3E8C01262532B40099C2F6 /* LaunchScreen.storyboard in Resources */ = {isa = PBXBuildFile; fileRef = 3A3E8BFF262532B40099C2F6 /* LaunchScreen.storyboard */; };
		3A3E8C0D262540C40099C2F6 /* RoundButton.swift in Sources */ = {isa = PBXBuildFile; fileRef = 3A3E8C0C262540C40099C2F6 /* RoundButton.swift */; };
		3A3E8C122625452D0099C2F6 /* LocationService.swift in Sources */ = {isa = PBXBuildFile; fileRef = 3A3E8C112625452D0099C2F6 /* LocationService.swift */; };
/* End PBXBuildFile section */

/* Begin PBXFileReference section */
		3A3E8BF1262532B30099C2F6 /* Parkly.app */ = {isa = PBXFileReference; explicitFileType = wrapper.application; includeInIndex = 0; path = Parkly.app; sourceTree = BUILT_PRODUCTS_DIR; };
		3A3E8BF4262532B30099C2F6 /* AppDelegate.swift */ = {isa = PBXFileReference; lastKnownFileType = sourcecode.swift; path = AppDelegate.swift; sourceTree = "<group>"; };
		3A3E8BF6262532B30099C2F6 /* SceneDelegate.swift */ = {isa = PBXFileReference; lastKnownFileType = sourcecode.swift; path = SceneDelegate.swift; sourceTree = "<group>"; };
		3A3E8BF8262532B30099C2F6 /* ViewController.swift */ = {isa = PBXFileReference; lastKnownFileType = sourcecode.swift; path = ViewController.swift; sourceTree = "<group>"; };
		3A3E8BFB262532B30099C2F6 /* Base */ = {isa = PBXFileReference; lastKnownFileType = file.storyboard; name = Base; path = Base.lproj/Main.storyboard; sourceTree = "<group>"; };
		3A3E8BFD262532B40099C2F6 /* Assets.xcassets */ = {isa = PBXFileReference; lastKnownFileType = folder.assetcatalog; path = Assets.xcassets; sourceTree = "<group>"; };
		3A3E8C00262532B40099C2F6 /* Base */ = {isa = PBXFileReference; lastKnownFileType = file.storyboard; name = Base; path = Base.lproj/LaunchScreen.storyboard; sourceTree = "<group>"; };
		3A3E8C02262532B40099C2F6 /* Info.plist */ = {isa = PBXFileReference; lastKnownFileType = text.plist.xml; path = Info.plist; sourceTree = "<group>"; };
		3A3E8C0C262540C40099C2F6 /* RoundButton.swift */ = {isa = PBXFileReference; lastKnownFileType = sourcecode.swift; path = RoundButton.swift; sourceTree = "<group>"; };
		3A3E8C112625452D0099C2F6 /* LocationService.swift */ = {isa = PBXFileReference; lastKnownFileType = sourcecode.swift; path = LocationService.swift; sourceTree = "<group>"; };
/* End PBXFileReference section */

/* Begin PBXFrameworksBuildPhase section */
		3A3E8BEE262532B30099C2F6 /* Frameworks */ = {
			isa = PBXFrameworksBuildPhase;
			buildActionMask = 2147483647;
			files = (
			);
			runOnlyForDeploymentPostprocessing = 0;
		};
/* End PBXFrameworksBuildPhase section */

/* Begin PBXGroup section */
		3A3E8BE8262532B30099C2F6 = {
			isa = PBXGroup;
			children = (
				3A3E8BF3262532B30099C2F6 /* Parkly */,
				3A3E8BF2262532B30099C2F6 /* Products */,
			);
			sourceTree = "<group>";
		};
		3A3E8BF2262532B30099C2F6 /* Products */ = {
			isa = PBXGroup;
			children = (
				3A3E8BF1262532B30099C2F6 /* Parkly.app */,
			);
			name = Products;
			sourceTree = "<group>";
		};
		3A3E8BF3262532B30099C2F6 /* Parkly */ = {
			isa = PBXGroup;
			children = (
				3A3E8BF4262532B30099C2F6 /* AppDelegate.swift */,
				3A3E8BF6262532B30099C2F6 /* SceneDelegate.swift */,
				3A3E8C10262545180099C2F6 /* Services */,
				3A3E8C0B262540800099C2F6 /* Model */,
				3A3E8C0A2625407B0099C2F6 /* View */,
				3A3E8C09262540720099C2F6 /* Controller */,
				3A3E8BFA262532B30099C2F6 /* Main.storyboard */,
				3A3E8BFD262532B40099C2F6 /* Assets.xcassets */,
				3A3E8BFF262532B40099C2F6 /* LaunchScreen.storyboard */,
				3A3E8C02262532B40099C2F6 /* Info.plist */,
			);
			path = Parkly;
			sourceTree = "<group>";
		};
		3A3E8C09262540720099C2F6 /* Controller */ = {
			isa = PBXGroup;
			children = (
				3A3E8BF8262532B30099C2F6 /* ViewController.swift */,
			);
			path = Controller;
			sourceTree = "<group>";
		};
		3A3E8C0A2625407B0099C2F6 /* View */ = {
			isa = PBXGroup;
			children = (
				3A3E8C0C262540C40099C2F6 /* RoundButton.swift */,
			);
			path = View;
			sourceTree = "<group>";
		};
		3A3E8C0B262540800099C2F6 /* Model */ = {
			isa = PBXGroup;
			children = (
			);
			path = Model;
			sourceTree = "<group>";
		};
		3A3E8C10262545180099C2F6 /* Services */ = {
			isa = PBXGroup;
			children = (
				3A3E8C112625452D0099C2F6 /* LocationService.swift */,
			);
			path = Services;
			sourceTree = "<group>";
		};
/* End PBXGroup section */

/* Begin PBXNativeTarget section */
		3A3E8BF0262532B30099C2F6 /* Parkly */ = {
			isa = PBXNativeTarget;
			buildConfigurationList = 3A3E8C05262532B40099C2F6 /* Build configuration list for PBXNativeTarget "Parkly" */;
			buildPhases = (
				3A3E8BED262532B30099C2F6 /* Sources */,
				3A3E8BEE262532B30099C2F6 /* Frameworks */,
				3A3E8BEF262532B30099C2F6 /* Resources */,
			);
			buildRules = (
			);
			dependencies = (
			);
			name = Parkly;
			productName = Parkly;
			productReference = 3A3E8BF1262532B30099C2F6 /* Parkly.app */;
			productType = "com.apple.product-type.application";
		};
/* End PBXNativeTarget section */

/* Begin PBXProject section */
		3A3E8BE9262532B30099C2F6 /* Project object */ = {
			isa = PBXProject;
			attributes = {
				LastSwiftUpdateCheck = 1240;
				LastUpgradeCheck = 1240;
				TargetAttributes = {
					3A3E8BF0262532B30099C2F6 = {
						CreatedOnToolsVersion = 12.4;
					};
				};
			};
			buildConfigurationList = 3A3E8BEC262532B30099C2F6 /* Build configuration list for PBXProject "Parkly" */;
			compatibilityVersion = "Xcode 9.3";
			developmentRegion = en;
			hasScannedForEncodings = 0;
			knownRegions = (
				en,
				Base,
			);
			mainGroup = 3A3E8BE8262532B30099C2F6;
			productRefGroup = 3A3E8BF2262532B30099C2F6 /* Products */;
			projectDirPath = "";
			projectRoot = "";
			targets = (
				3A3E8BF0262532B30099C2F6 /* Parkly */,
			);
		};
/* End PBXProject section */

/* Begin PBXResourcesBuildPhase section */
		3A3E8BEF262532B30099C2F6 /* Resources */ = {
			isa = PBXResourcesBuildPhase;
			buildActionMask = 2147483647;
			files = (
				3A3E8C01262532B40099C2F6 /* LaunchScreen.storyboard in Resources */,
				3A3E8BFE262532B40099C2F6 /* Assets.xcassets in Resources */,
				3A3E8BFC262532B30099C2F6 /* Main.storyboard in Resources */,
			);
			runOnlyForDeploymentPostprocessing = 0;
		};
/* End PBXResourcesBuildPhase section */

/* Begin PBXSourcesBuildPhase section */
		3A3E8BED262532B30099C2F6 /* Sources */ = {
			isa = PBXSourcesBuildPhase;
			buildActionMask = 2147483647;
			files = (
				3A3E8C0D262540C40099C2F6 /* RoundButton.swift in Sources */,
				3A3E8BF9262532B30099C2F6 /* ViewController.swift in Sources */,
				3A3E8C122625452D0099C2F6 /* LocationService.swift in Sources */,
				3A3E8BF5262532B30099C2F6 /* AppDelegate.swift in Sources */,
				3A3E8BF7262532B30099C2F6 /* SceneDelegate.swift in Sources */,
			);
			runOnlyForDeploymentPostprocessing = 0;
		};
/* End PBXSourcesBuildPhase section */

/* Begin PBXVariantGroup section */
		3A3E8BFA262532B30099C2F6 /* Main.storyboard */ = {
			isa = PBXVariantGroup;
			children = (
				3A3E8BFB262532B30099C2F6 /* Base */,
			);
			name = Main.storyboard;
			sourceTree = "<group>";
		};
		3A3E8BFF262532B40099C2F6 /* LaunchScreen.storyboard */ = {
			isa = PBXVariantGroup;
			children = (
				3A3E8C00262532B40099C2F6 /* Base */,
			);
			name = LaunchScreen.storyboard;
			sourceTree = "<group>";
		};
/* End PBXVariantGroup section */

/* Begin XCBuildConfiguration section */
		3A3E8C03262532B40099C2F6 /* Debug */ = {
			isa = XCBuildConfiguration;
			buildSettings = {
				ALWAYS_SEARCH_USER_PATHS = NO;
				CLANG_ANALYZER_NONNULL = YES;
				CLANG_ANALYZER_NUMBER_OBJECT_CONVERSION = YES_AGGRESSIVE;
				CLANG_CXX_LANGUAGE_STANDARD = "gnu++14";
				CLANG_CXX_LIBRARY = "libc++";
				CLANG_ENABLE_MODULES = YES;
				CLANG_ENABLE_OBJC_ARC = YES;
				CLANG_ENABLE_OBJC_WEAK = YES;
				CLANG_WARN_BLOCK_CAPTURE_AUTORELEASING = YES;
				CLANG_WARN_BOOL_CONVERSION = YES;
				CLANG_WARN_COMMA = YES;
				CLANG_WARN_CONSTANT_CONVERSION = YES;
				CLANG_WARN_DEPRECATED_OBJC_IMPLEMENTATIONS = YES;
				CLANG_WARN_DIRECT_OBJC_ISA_USAGE = YES_ERROR;
				CLANG_WARN_DOCUMENTATION_COMMENTS = YES;
				CLANG_WARN_EMPTY_BODY = YES;
				CLANG_WARN_ENUM_CONVERSION = YES;
				CLANG_WARN_INFINITE_RECURSION = YES;
				CLANG_WARN_INT_CONVERSION = YES;
				CLANG_WARN_NON_LITERAL_NULL_CONVERSION = YES;
				CLANG_WARN_OBJC_IMPLICIT_RETAIN_SELF = YES;
				CLANG_WARN_OBJC_LITERAL_CONVERSION = YES;
				CLANG_WARN_OBJC_ROOT_CLASS = YES_ERROR;
				CLANG_WARN_QUOTED_INCLUDE_IN_FRAMEWORK_HEADER = YES;
				CLANG_WARN_RANGE_LOOP_ANALYSIS = YES;
				CLANG_WARN_STRICT_PROTOTYPES = YES;
				CLANG_WARN_SUSPICIOUS_MOVE = YES;
				CLANG_WARN_UNGUARDED_AVAILABILITY = YES_AGGRESSIVE;
				CLANG_WARN_UNREACHABLE_CODE = YES;
				CLANG_WARN__DUPLICATE_METHOD_MATCH = YES;
				COPY_PHASE_STRIP = NO;
				DEBUG_INFORMATION_FORMAT = dwarf;
				ENABLE_STRICT_OBJC_MSGSEND = YES;
				ENABLE_TESTABILITY = YES;
				GCC_C_LANGUAGE_STANDARD = gnu11;
				GCC_DYNAMIC_NO_PIC = NO;
				GCC_NO_COMMON_BLOCKS = YES;
				GCC_OPTIMIZATION_LEVEL = 0;
				GCC_PREPROCESSOR_DEFINITIONS = (
					"DEBUG=1",
					"$(inherited)",
				);
				GCC_WARN_64_TO_32_BIT_CONVERSION = YES;
				GCC_WARN_ABOUT_RETURN_TYPE = YES_ERROR;
				GCC_WARN_UNDECLARED_SELECTOR = YES;
				GCC_WARN_UNINITIALIZED_AUTOS = YES_AGGRESSIVE;
				GCC_WARN_UNUSED_FUNCTION = YES;
				GCC_WARN_UNUSED_VARIABLE = YES;
				IPHONEOS_DEPLOYMENT_TARGET = 14.4;
				MTL_ENABLE_DEBUG_INFO = INCLUDE_SOURCE;
				MTL_FAST_MATH = YES;
				ONLY_ACTIVE_ARCH = YES;
				SDKROOT = iphoneos;
				SWIFT_ACTIVE_COMPILATION_CONDITIONS = DEBUG;
				SWIFT_OPTIMIZATION_LEVEL = "-Onone";
			};
			name = Debug;
		};
		3A3E8C04262532B40099C2F6 /* Release */ = {
			isa = XCBuildConfiguration;
			buildSettings = {
				ALWAYS_SEARCH_USER_PATHS = NO;
				CLANG_ANALYZER_NONNULL = YES;
				CLANG_ANALYZER_NUMBER_OBJECT_CONVERSION = YES_AGGRESSIVE;
				CLANG_CXX_LANGUAGE_STANDARD = "gnu++14";
				CLANG_CXX_LIBRARY = "libc++";
				CLANG_ENABLE_MODULES = YES;
				CLANG_ENABLE_OBJC_ARC = YES;
				CLANG_ENABLE_OBJC_WEAK = YES;
				CLANG_WARN_BLOCK_CAPTURE_AUTORELEASING = YES;
				CLANG_WARN_BOOL_CONVERSION = YES;
				CLANG_WARN_COMMA = YES;
				CLANG_WARN_CONSTANT_CONVERSION = YES;
				CLANG_WARN_DEPRECATED_OBJC_IMPLEMENTATIONS = YES;
				CLANG_WARN_DIRECT_OBJC_ISA_USAGE = YES_ERROR;
				CLANG_WARN_DOCUMENTATION_COMMENTS = YES;
				CLANG_WARN_EMPTY_BODY = YES;
				CLANG_WARN_ENUM_CONVERSION = YES;
				CLANG_WARN_INFINITE_RECURSION = YES;
				CLANG_WARN_INT_CONVERSION = YES;
				CLANG_WARN_NON_LITERAL_NULL_CONVERSION = YES;
				CLANG_WARN_OBJC_IMPLICIT_RETAIN_SELF = YES;
				CLANG_WARN_OBJC_LITERAL_CONVERSION = YES;
				CLANG_WARN_OBJC_ROOT_CLASS = YES_ERROR;
				CLANG_WARN_QUOTED_INCLUDE_IN_FRAMEWORK_HEADER = YES;
				CLANG_WARN_RANGE_LOOP_ANALYSIS = YES;
				CLANG_WARN_STRICT_PROTOTYPES = YES;
				CLANG_WARN_SUSPICIOUS_MOVE = YES;
				CLANG_WARN_UNGUARDED_AVAILABILITY = YES_AGGRESSIVE;
				CLANG_WARN_UNREACHABLE_CODE = YES;
				CLANG_WARN__DUPLICATE_METHOD_MATCH = YES;
				COPY_PHASE_STRIP = NO;
				DEBUG_INFORMATION_FORMAT = "dwarf-with-dsym";
				ENABLE_NS_ASSERTIONS = NO;
				ENABLE_STRICT_OBJC_MSGSEND = YES;
				GCC_C_LANGUAGE_STANDARD = gnu11;
				GCC_NO_COMMON_BLOCKS = YES;
				GCC_WARN_64_TO_32_BIT_CONVERSION = YES;
				GCC_WARN_ABOUT_RETURN_TYPE = YES_ERROR;
				GCC_WARN_UNDECLARED_SELECTOR = YES;
				GCC_WARN_UNINITIALIZED_AUTOS = YES_AGGRESSIVE;
				GCC_WARN_UNUSED_FUNCTION = YES;
				GCC_WARN_UNUSED_VARIABLE = YES;
				IPHONEOS_DEPLOYMENT_TARGET = 14.4;
				MTL_ENABLE_DEBUG_INFO = NO;
				MTL_FAST_MATH = YES;
				SDKROOT = iphoneos;
				SWIFT_COMPILATION_MODE = wholemodule;
				SWIFT_OPTIMIZATION_LEVEL = "-O";
				VALIDATE_PRODUCT = YES;
			};
			name = Release;
		};
		3A3E8C06262532B40099C2F6 /* Debug */ = {
			isa = XCBuildConfiguration;
			buildSettings = {
				ASSETCATALOG_COMPILER_APPICON_NAME = AppIcon;
				ASSETCATALOG_COMPILER_GLOBAL_ACCENT_COLOR_NAME = AccentColor;
				CODE_SIGN_STYLE = Automatic;
				DEVELOPMENT_TEAM = MMSJ2DXRDG;
				INFOPLIST_FILE = Parkly/Info.plist;
				LD_RUNPATH_SEARCH_PATHS = (
					"$(inherited)",
					"@executable_path/Frameworks",
				);
				PRODUCT_BUNDLE_IDENTIFIER = com.thecoderpilot.Parkly;
				PRODUCT_NAME = "$(TARGET_NAME)";
				SWIFT_VERSION = 5.0;
				TARGETED_DEVICE_FAMILY = "1,2";
			};
			name = Debug;
		};
		3A3E8C07262532B40099C2F6 /* Release */ = {
			isa = XCBuildConfiguration;
			buildSettings = {
				ASSETCATALOG_COMPILER_APPICON_NAME = AppIcon;
				ASSETCATALOG_COMPILER_GLOBAL_ACCENT_COLOR_NAME = AccentColor;
				CODE_SIGN_STYLE = Automatic;
				DEVELOPMENT_TEAM = MMSJ2DXRDG;
				INFOPLIST_FILE = Parkly/Info.plist;
				LD_RUNPATH_SEARCH_PATHS = (
					"$(inherited)",
					"@executable_path/Frameworks",
				);
				PRODUCT_BUNDLE_IDENTIFIER = com.thecoderpilot.Parkly;
				PRODUCT_NAME = "$(TARGET_NAME)";
				SWIFT_VERSION = 5.0;
				TARGETED_DEVICE_FAMILY = "1,2";
			};
			name = Release;
		};
/* End XCBuildConfiguration section */

/* Begin XCConfigurationList section */
		3A3E8BEC262532B30099C2F6 /* Build configuration list for PBXProject "Parkly" */ = {
			isa = XCConfigurationList;
			buildConfigurations = (
				3A3E8C03262532B40099C2F6 /* Debug */,
				3A3E8C04262532B40099C2F6 /* Release */,
			);
			defaultConfigurationIsVisible = 0;
			defaultConfigurationName = Release;
		};
		3A3E8C05262532B40099C2F6 /* Build configuration list for PBXNativeTarget "Parkly" */ = {
			isa = XCConfigurationList;
			buildConfigurations = (
				3A3E8C06262532B40099C2F6 /* Debug */,
				3A3E8C07262532B40099C2F6 /* Release */,
			);
			defaultConfigurationIsVisible = 0;
			defaultConfigurationName = Release;
		};
/* End XCConfigurationList section */
	};
	rootObject = 3A3E8BE9262532B30099C2F6 /* Project object */;
}
